
Microsoft Visual Studio Solution File, Format Version 12.00
# Visual Studio Version 17
VisualStudioVersion = 17.9.34728.123
MinimumVisualStudioVersion = 10.0.40219.1
Project("{FAE04EC0-301F-11D3-BF4B-00C04F79EFBC}") = "Analitico2 Elementia", "Analitico2 Elementia.csproj", "{72B8731B-2929-45A7-AE3C-DEFD6F275603}"
EndProject
Global
	GlobalSection(SolutionConfigurationPlatforms) = preSolution
		Debug|Any CPU = Debug|Any CPU
		Release|Any CPU = Release|Any CPU
	EndGlobalSection
	GlobalSection(ProjectConfigurationPlatforms) = postSolution
		{72B8731B-2929-45A7-AE3C-DEFD6F275603}.Debug|Any CPU.ActiveCfg = Debug|Any CPU
		{72B8731B-2929-45A7-AE3C-DEFD6F275603}.Debug|Any CPU.Build.0 = Debug|Any CPU
		{72B8731B-2929-45A7-AE3C-DEFD6F275603}.Release|Any CPU.ActiveCfg = Release|Any CPU
		{72B8731B-2929-45A7-AE3C-DEFD6F275603}.Release|Any CPU.Build.0 = Release|Any CPU
	EndGlobalSection
	GlobalSection(SolutionProperties) = preSolution
		HideSolutionNode = FALSE
	EndGlobalSection
	GlobalSection(ExtensibilityGlobals) = postSolution
		SolutionGuid = {B675DCDA-0065-4ABB-BE7A-64597E404F77}
	EndGlobalSection
EndGlobal
